
Microsoft Visual Studio Solution File, Format Version 12.00
# Visual Studio Version 17
VisualStudioVersion = 17.0.32126.317
MinimumVisualStudioVersion = 10.0.40219.1
Project("{FAE04EC0-301F-11D3-BF4B-00C04F79EFBC}") = "UserInfo.API", "UserInfo.API\UserInfo.API.csproj", "{5FBEBE3A-5F47-4F1E-BEA1-03A14ACDB2E1}"
EndProject
Global
	GlobalSection(SolutionConfigurationPlatforms) = preSolution
		Debug|Any CPU = Debug|Any CPU
		Release|Any CPU = Release|Any CPU
	EndGlobalSection
	GlobalSection(ProjectConfigurationPlatforms) = postSolution
		{5FBEBE3A-5F47-4F1E-BEA1-03A14ACDB2E1}.Debug|Any CPU.ActiveCfg = Debug|Any CPU
		{5FBEBE3A-5F47-4F1E-BEA1-03A14ACDB2E1}.Debug|Any CPU.Build.0 = Debug|Any CPU
		{5FBEBE3A-5F47-4F1E-BEA1-03A14ACDB2E1}.Release|Any CPU.ActiveCfg = Release|Any CPU
		{5FBEBE3A-5F47-4F1E-BEA1-03A14ACDB2E1}.Release|Any CPU.Build.0 = Release|Any CPU
	EndGlobalSection
	GlobalSection(SolutionProperties) = preSolution
		HideSolutionNode = FALSE
	EndGlobalSection
	GlobalSection(ExtensibilityGlobals) = postSolution
		SolutionGuid = {63A3451E-A643-420F-9A8B-712B37DE5398}
	EndGlobalSection
EndGlobal
